
Microsoft Visual Studio Solution File, Format Version 12.00
# Visual Studio Version 17
VisualStudioVersion = 17.13.35825.156 d17.13
MinimumVisualStudioVersion = 10.0.40219.1
Project("{FAE04EC0-301F-11D3-BF4B-00C04F79EFBC}") = "COE.WebHelpersSampleApp", "COE.WebHelpersSampleApp\COE.WebHelpersSampleApp.csproj", "{2EEFE60F-1A3D-47B5-A721-9B11A45B7E05}"
EndProject
Global
	GlobalSection(SolutionConfigurationPlatforms) = preSolution
		Debug|Any CPU = Debug|Any CPU
		Release|Any CPU = Release|Any CPU
	EndGlobalSection
	GlobalSection(ProjectConfigurationPlatforms) = postSolution
		{2EEFE60F-1A3D-47B5-A721-9B11A45B7E05}.Debug|Any CPU.ActiveCfg = Debug|Any CPU
		{2EEFE60F-1A3D-47B5-A721-9B11A45B7E05}.Debug|Any CPU.Build.0 = Debug|Any CPU
		{2EEFE60F-1A3D-47B5-A721-9B11A45B7E05}.Release|Any CPU.ActiveCfg = Release|Any CPU
		{2EEFE60F-1A3D-47B5-A721-9B11A45B7E05}.Release|Any CPU.Build.0 = Release|Any CPU
	EndGlobalSection
	GlobalSection(SolutionProperties) = preSolution
		HideSolutionNode = FALSE
	EndGlobalSection
	GlobalSection(ExtensibilityGlobals) = postSolution
		SolutionGuid = {C1A1D2BB-01BB-4D21-997E-7551D564B81A}
	EndGlobalSection
EndGlobal
